<?xml version="1.0" encoding="utf-8"?>
<Project ToolsVersion="4.0" xmlns="http://schemas.microsoft.com/developer/msbuild/2003">
  <ItemGroup>
    <ClCompile Include="main.cpp" />
    <ClCompile Include="Vector.cpp" />
    <ClCompile Include="Matrix.cpp" />
    <ClCompile Include="Graph.cpp" />
    <ClCompile Include="Shape.cpp" />
    <ClCompile Include="Camera.cpp" />
    <ClCompile Include="SpaceShip.cpp" />
    <ClCompile Include="Projectile.cpp" />
    <ClCompile Include="Planet.cpp" />
    <ClCompile Include="Asteroid.cpp" />
    <ClCompile Include="CollidableShape.cpp" />
  </ItemGroup>
  <ItemGroup>
    <ClInclude Include="Vector.h" />
    <ClInclude Include="Matrix.h" />
    <ClInclude Include="Graph.h" />
    <ClInclude Include="Shape.h" />
    <ClInclude Include="Camera.h" />
    <ClInclude Include="SpaceShip.h" />
    <ClInclude Include="Projectile.h" />
    <ClInclude Include="Planet.h" />
    <ClInclude Include="Asteroid.h" />
    <ClInclude Include="CollidableShape.h" />
  </ItemGroup>
</Project>