<?xml version="1.0" encoding="utf-8"?>
<Project ToolsVersion="4.0" xmlns="http://schemas.microsoft.com/developer/msbuild/2003">
  <ItemGroup>
    <ClCompile Include="main.cpp" />
    <ClCompile Include="Vector.cpp" />
    <ClCompile Include="Matrix.cpp" />
    <ClCompile Include="Camera.cpp" />
    <ClCompile Include="Shapes\Asteroid.cpp">
      <Filter>Shapes</Filter>
    </ClCompile>
    <ClCompile Include="Shapes\CollidableShape.cpp">
      <Filter>Shapes</Filter>
    </ClCompile>
    <ClCompile Include="Shapes\Planet.cpp">
      <Filter>Shapes</Filter>
    </ClCompile>
    <ClCompile Include="Shapes\Projectile.cpp">
      <Filter>Shapes</Filter>
    </ClCompile>
    <ClCompile Include="Shapes\Shape.cpp">
      <Filter>Shapes</Filter>
    </ClCompile>
    <ClCompile Include="Shapes\SpaceShip.cpp">
      <Filter>Shapes</Filter>
    </ClCompile>
    <ClCompile Include="World.cpp" />
  </ItemGroup>
  <ItemGroup>
    <ClInclude Include="Vector.h" />
    <ClInclude Include="Matrix.h" />
    <ClInclude Include="Camera.h" />
    <ClInclude Include="Shapes\Asteroid.h">
      <Filter>Shapes</Filter>
    </ClInclude>
    <ClInclude Include="Shapes\CollidableShape.h">
      <Filter>Shapes</Filter>
    </ClInclude>
    <ClInclude Include="Shapes\Planet.h">
      <Filter>Shapes</Filter>
    </ClInclude>
    <ClInclude Include="Shapes\Projectile.h">
      <Filter>Shapes</Filter>
    </ClInclude>
    <ClInclude Include="Shapes\Shape.h">
      <Filter>Shapes</Filter>
    </ClInclude>
    <ClInclude Include="Shapes\SpaceShip.h">
      <Filter>Shapes</Filter>
    </ClInclude>
    <ClInclude Include="World.h" />
  </ItemGroup>
  <ItemGroup>
    <Filter Include="Shapes">
      <UniqueIdentifier>{f551dcbf-f147-46f8-b306-304618a9f02d}</UniqueIdentifier>
    </Filter>
  </ItemGroup>
</Project>